
Microsoft Visual Studio Solution File, Format Version 12.00
# Visual Studio Version 17
VisualStudioVersion = 17.0.31717.71
MinimumVisualStudioVersion = 10.0.40219.1
Project("{8BC9CEB8-8B4A-11D0-8D11-00A0C91BC942}") = "clicker", "clicker.vcxproj", "{CDC8F09A-2704-40F3-B54D-3591977C104D}"
EndProject
Global
	GlobalSection(SolutionConfigurationPlatforms) = preSolution
		Debug|x64 = Debug|x64
		Debug|x86 = Debug|x86
		Release|x64 = Release|x64
		Release|x86 = Release|x86
	EndGlobalSection
	GlobalSection(ProjectConfigurationPlatforms) = postSolution
		{CDC8F09A-2704-40F3-B54D-3591977C104D}.Debug|x64.ActiveCfg = Debug|x64
		{CDC8F09A-2704-40F3-B54D-3591977C104D}.Debug|x64.Build.0 = Debug|x64
		{CDC8F09A-2704-40F3-B54D-3591977C104D}.Debug|x86.ActiveCfg = Debug|Win32
		{CDC8F09A-2704-40F3-B54D-3591977C104D}.Debug|x86.Build.0 = Debug|Win32
		{CDC8F09A-2704-40F3-B54D-3591977C104D}.Release|x64.ActiveCfg = Release|x64
		{CDC8F09A-2704-40F3-B54D-3591977C104D}.Release|x64.Build.0 = Release|x64
		{CDC8F09A-2704-40F3-B54D-3591977C104D}.Release|x86.ActiveCfg = Release|Win32
		{CDC8F09A-2704-40F3-B54D-3591977C104D}.Release|x86.Build.0 = Release|Win32
	EndGlobalSection
	GlobalSection(SolutionProperties) = preSolution
		HideSolutionNode = FALSE
	EndGlobalSection
	GlobalSection(ExtensibilityGlobals) = postSolution
		SolutionGuid = {02C54C53-8900-4725-BE52-A0470554B5B5}
	EndGlobalSection
EndGlobal
